// !$*UTF8*$!
{
	archiveVersion = 1;
	classes = {
	};
	objectVersion = 56;
	objects = {

/* Begin PBXBuildFile section */
		66D24C2729D4040B00F687D2 /* MorningLuxApp.swift in Sources */ = {isa = PBXBuildFile; fileRef = 66D24C2629D4040B00F687D2 /* MorningLuxApp.swift */; };
		66D24C2929D4040B00F687D2 /* ContentView.swift in Sources */ = {isa = PBXBuildFile; fileRef = 66D24C2829D4040B00F687D2 /* ContentView.swift */; };
		66D24C2B29D4040C00F687D2 /* Assets.xcassets in Resources */ = {isa = PBXBuildFile; fileRef = 66D24C2A29D4040C00F687D2 /* Assets.xcassets */; };
		66D24C2E29D4040C00F687D2 /* Preview Assets.xcassets in Resources */ = {isa = PBXBuildFile; fileRef = 66D24C2D29D4040C00F687D2 /* Preview Assets.xcassets */; };
		66D24C3829D4040C00F687D2 /* MorningLuxTests.swift in Sources */ = {isa = PBXBuildFile; fileRef = 66D24C3729D4040C00F687D2 /* MorningLuxTests.swift */; };
		66D24C4229D4040C00F687D2 /* MorningLuxUITests.swift in Sources */ = {isa = PBXBuildFile; fileRef = 66D24C4129D4040C00F687D2 /* MorningLuxUITests.swift */; };
		66D24C4429D4040C00F687D2 /* MorningLuxUITestsLaunchTests.swift in Sources */ = {isa = PBXBuildFile; fileRef = 66D24C4329D4040C00F687D2 /* MorningLuxUITestsLaunchTests.swift */; };
/* End PBXBuildFile section */

/* Begin PBXContainerItemProxy section */
		66D24C3429D4040C00F687D2 /* PBXContainerItemProxy */ = {
			isa = PBXContainerItemProxy;
			containerPortal = 66D24C1B29D4040B00F687D2 /* Project object */;
			proxyType = 1;
			remoteGlobalIDString = 66D24C2229D4040B00F687D2;
			remoteInfo = MorningLux;
		};
		66D24C3E29D4040C00F687D2 /* PBXContainerItemProxy */ = {
			isa = PBXContainerItemProxy;
			containerPortal = 66D24C1B29D4040B00F687D2 /* Project object */;
			proxyType = 1;
			remoteGlobalIDString = 66D24C2229D4040B00F687D2;
			remoteInfo = MorningLux;
		};
/* End PBXContainerItemProxy section */

/* Begin PBXFileReference section */
		66D24C2329D4040B00F687D2 /* MorningLux.app */ = {isa = PBXFileReference; explicitFileType = wrapper.application; includeInIndex = 0; path = MorningLux.app; sourceTree = BUILT_PRODUCTS_DIR; };
		66D24C2629D4040B00F687D2 /* MorningLuxApp.swift */ = {isa = PBXFileReference; lastKnownFileType = sourcecode.swift; path = MorningLuxApp.swift; sourceTree = "<group>"; };
		66D24C2829D4040B00F687D2 /* ContentView.swift */ = {isa = PBXFileReference; lastKnownFileType = sourcecode.swift; path = ContentView.swift; sourceTree = "<group>"; };
		66D24C2A29D4040C00F687D2 /* Assets.xcassets */ = {isa = PBXFileReference; lastKnownFileType = folder.assetcatalog; path = Assets.xcassets; sourceTree = "<group>"; };
		66D24C2D29D4040C00F687D2 /* Preview Assets.xcassets */ = {isa = PBXFileReference; lastKnownFileType = folder.assetcatalog; path = "Preview Assets.xcassets"; sourceTree = "<group>"; };
		66D24C3329D4040C00F687D2 /* MorningLuxTests.xctest */ = {isa = PBXFileReference; explicitFileType = wrapper.cfbundle; includeInIndex = 0; path = MorningLuxTests.xctest; sourceTree = BUILT_PRODUCTS_DIR; };
		66D24C3729D4040C00F687D2 /* MorningLuxTests.swift */ = {isa = PBXFileReference; lastKnownFileType = sourcecode.swift; path = MorningLuxTests.swift; sourceTree = "<group>"; };
		66D24C3D29D4040C00F687D2 /* MorningLuxUITests.xctest */ = {isa = PBXFileReference; explicitFileType = wrapper.cfbundle; includeInIndex = 0; path = MorningLuxUITests.xctest; sourceTree = BUILT_PRODUCTS_DIR; };
		66D24C4129D4040C00F687D2 /* MorningLuxUITests.swift */ = {isa = PBXFileReference; lastKnownFileType = sourcecode.swift; path = MorningLuxUITests.swift; sourceTree = "<group>"; };
		66D24C4329D4040C00F687D2 /* MorningLuxUITestsLaunchTests.swift */ = {isa = PBXFileReference; lastKnownFileType = sourcecode.swift; path = MorningLuxUITestsLaunchTests.swift; sourceTree = "<group>"; };
/* End PBXFileReference section */

/* Begin PBXFrameworksBuildPhase section */
		66D24C2029D4040B00F687D2 /* Frameworks */ = {
			isa = PBXFrameworksBuildPhase;
			buildActionMask = 2147483647;
			files = (
			);
			runOnlyForDeploymentPostprocessing = 0;
		};
		66D24C3029D4040C00F687D2 /* Frameworks */ = {
			isa = PBXFrameworksBuildPhase;
			buildActionMask = 2147483647;
			files = (
			);
			runOnlyForDeploymentPostprocessing = 0;
		};
		66D24C3A29D4040C00F687D2 /* Frameworks */ = {
			isa = PBXFrameworksBuildPhase;
			buildActionMask = 2147483647;
			files = (
			);
			runOnlyForDeploymentPostprocessing = 0;
		};
/* End PBXFrameworksBuildPhase section */

/* Begin PBXGroup section */
		66D24C1A29D4040B00F687D2 = {
			isa = PBXGroup;
			children = (
				66D24C2529D4040B00F687D2 /* MorningLux */,
				66D24C3629D4040C00F687D2 /* MorningLuxTests */,
				66D24C4029D4040C00F687D2 /* MorningLuxUITests */,
				66D24C2429D4040B00F687D2 /* Products */,
			);
			sourceTree = "<group>";
		};
		66D24C2429D4040B00F687D2 /* Products */ = {
			isa = PBXGroup;
			children = (
				66D24C2329D4040B00F687D2 /* MorningLux.app */,
				66D24C3329D4040C00F687D2 /* MorningLuxTests.xctest */,
				66D24C3D29D4040C00F687D2 /* MorningLuxUITests.xctest */,
			);
			name = Products;
			sourceTree = "<group>";
		};
		66D24C2529D4040B00F687D2 /* MorningLux */ = {
			isa = PBXGroup;
			children = (
				66D24C2629D4040B00F687D2 /* MorningLuxApp.swift */,
				66D24C2829D4040B00F687D2 /* ContentView.swift */,
				66D24C2A29D4040C00F687D2 /* Assets.xcassets */,
				66D24C2C29D4040C00F687D2 /* Preview Content */,
			);
			path = MorningLux;
			sourceTree = "<group>";
		};
		66D24C2C29D4040C00F687D2 /* Preview Content */ = {
			isa = PBXGroup;
			children = (
				66D24C2D29D4040C00F687D2 /* Preview Assets.xcassets */,
			);
			path = "Preview Content";
			sourceTree = "<group>";
		};
		66D24C3629D4040C00F687D2 /* MorningLuxTests */ = {
			isa = PBXGroup;
			children = (
				66D24C3729D4040C00F687D2 /* MorningLuxTests.swift */,
			);
			path = MorningLuxTests;
			sourceTree = "<group>";
		};
		66D24C4029D4040C00F687D2 /* MorningLuxUITests */ = {
			isa = PBXGroup;
			children = (
				66D24C4129D4040C00F687D2 /* MorningLuxUITests.swift */,
				66D24C4329D4040C00F687D2 /* MorningLuxUITestsLaunchTests.swift */,
			);
			path = MorningLuxUITests;
			sourceTree = "<group>";
		};
/* End PBXGroup section */

/* Begin PBXNativeTarget section */
		66D24C2229D4040B00F687D2 /* MorningLux */ = {
			isa = PBXNativeTarget;
			buildConfigurationList = 66D24C4729D4040C00F687D2 /* Build configuration list for PBXNativeTarget "MorningLux" */;
			buildPhases = (
				66D24C1F29D4040B00F687D2 /* Sources */,
				66D24C2029D4040B00F687D2 /* Frameworks */,
				66D24C2129D4040B00F687D2 /* Resources */,
			);
			buildRules = (
			);
			dependencies = (
			);
			name = MorningLux;
			productName = MorningLux;
			productReference = 66D24C2329D4040B00F687D2 /* MorningLux.app */;
			productType = "com.apple.product-type.application";
		};
		66D24C3229D4040C00F687D2 /* MorningLuxTests */ = {
			isa = PBXNativeTarget;
			buildConfigurationList = 66D24C4A29D4040C00F687D2 /* Build configuration list for PBXNativeTarget "MorningLuxTests" */;
			buildPhases = (
				66D24C2F29D4040C00F687D2 /* Sources */,
				66D24C3029D4040C00F687D2 /* Frameworks */,
				66D24C3129D4040C00F687D2 /* Resources */,
			);
			buildRules = (
			);
			dependencies = (
				66D24C3529D4040C00F687D2 /* PBXTargetDependency */,
			);
			name = MorningLuxTests;
			productName = MorningLuxTests;
			productReference = 66D24C3329D4040C00F687D2 /* MorningLuxTests.xctest */;
			productType = "com.apple.product-type.bundle.unit-test";
		};
		66D24C3C29D4040C00F687D2 /* MorningLuxUITests */ = {
			isa = PBXNativeTarget;
			buildConfigurationList = 66D24C4D29D4040C00F687D2 /* Build configuration list for PBXNativeTarget "MorningLuxUITests" */;
			buildPhases = (
				66D24C3929D4040C00F687D2 /* Sources */,
				66D24C3A29D4040C00F687D2 /* Frameworks */,
				66D24C3B29D4040C00F687D2 /* Resources */,
			);
			buildRules = (
			);
			dependencies = (
				66D24C3F29D4040C00F687D2 /* PBXTargetDependency */,
			);
			name = MorningLuxUITests;
			productName = MorningLuxUITests;
			productReference = 66D24C3D29D4040C00F687D2 /* MorningLuxUITests.xctest */;
			productType = "com.apple.product-type.bundle.ui-testing";
		};
/* End PBXNativeTarget section */

/* Begin PBXProject section */
		66D24C1B29D4040B00F687D2 /* Project object */ = {
			isa = PBXProject;
			attributes = {
				BuildIndependentTargetsInParallel = 1;
				LastSwiftUpdateCheck = 1420;
				LastUpgradeCheck = 1420;
				TargetAttributes = {
					66D24C2229D4040B00F687D2 = {
						CreatedOnToolsVersion = 14.2;
					};
					66D24C3229D4040C00F687D2 = {
						CreatedOnToolsVersion = 14.2;
						TestTargetID = 66D24C2229D4040B00F687D2;
					};
					66D24C3C29D4040C00F687D2 = {
						CreatedOnToolsVersion = 14.2;
						TestTargetID = 66D24C2229D4040B00F687D2;
					};
				};
			};
			buildConfigurationList = 66D24C1E29D4040B00F687D2 /* Build configuration list for PBXProject "MorningLux" */;
			compatibilityVersion = "Xcode 14.0";
			developmentRegion = en;
			hasScannedForEncodings = 0;
			knownRegions = (
				en,
				Base,
			);
			mainGroup = 66D24C1A29D4040B00F687D2;
			productRefGroup = 66D24C2429D4040B00F687D2 /* Products */;
			projectDirPath = "";
			projectRoot = "";
			targets = (
				66D24C2229D4040B00F687D2 /* MorningLux */,
				66D24C3229D4040C00F687D2 /* MorningLuxTests */,
				66D24C3C29D4040C00F687D2 /* MorningLuxUITests */,
			);
		};
/* End PBXProject section */

/* Begin PBXResourcesBuildPhase section */
		66D24C2129D4040B00F687D2 /* Resources */ = {
			isa = PBXResourcesBuildPhase;
			buildActionMask = 2147483647;
			files = (
				66D24C2E29D4040C00F687D2 /* Preview Assets.xcassets in Resources */,
				66D24C2B29D4040C00F687D2 /* Assets.xcassets in Resources */,
			);
			runOnlyForDeploymentPostprocessing = 0;
		};
		66D24C3129D4040C00F687D2 /* Resources */ = {
			isa = PBXResourcesBuildPhase;
			buildActionMask = 2147483647;
			files = (
			);
			runOnlyForDeploymentPostprocessing = 0;
		};
		66D24C3B29D4040C00F687D2 /* Resources */ = {
			isa = PBXResourcesBuildPhase;
			buildActionMask = 2147483647;
			files = (
			);
			runOnlyForDeploymentPostprocessing = 0;
		};
/* End PBXResourcesBuildPhase section */

/* Begin PBXSourcesBuildPhase section */
		66D24C1F29D4040B00F687D2 /* Sources */ = {
			isa = PBXSourcesBuildPhase;
			buildActionMask = 2147483647;
			files = (
				66D24C2929D4040B00F687D2 /* ContentView.swift in Sources */,
				66D24C2729D4040B00F687D2 /* MorningLuxApp.swift in Sources */,
			);
			runOnlyForDeploymentPostprocessing = 0;
		};
		66D24C2F29D4040C00F687D2 /* Sources */ = {
			isa = PBXSourcesBuildPhase;
			buildActionMask = 2147483647;
			files = (
				66D24C3829D4040C00F687D2 /* MorningLuxTests.swift in Sources */,
			);
			runOnlyForDeploymentPostprocessing = 0;
		};
		66D24C3929D4040C00F687D2 /* Sources */ = {
			isa = PBXSourcesBuildPhase;
			buildActionMask = 2147483647;
			files = (
				66D24C4229D4040C00F687D2 /* MorningLuxUITests.swift in Sources */,
				66D24C4429D4040C00F687D2 /* MorningLuxUITestsLaunchTests.swift in Sources */,
			);
			runOnlyForDeploymentPostprocessing = 0;
		};
/* End PBXSourcesBuildPhase section */

/* Begin PBXTargetDependency section */
		66D24C3529D4040C00F687D2 /* PBXTargetDependency */ = {
			isa = PBXTargetDependency;
			target = 66D24C2229D4040B00F687D2 /* MorningLux */;
			targetProxy = 66D24C3429D4040C00F687D2 /* PBXContainerItemProxy */;
		};
		66D24C3F29D4040C00F687D2 /* PBXTargetDependency */ = {
			isa = PBXTargetDependency;
			target = 66D24C2229D4040B00F687D2 /* MorningLux */;
			targetProxy = 66D24C3E29D4040C00F687D2 /* PBXContainerItemProxy */;
		};
/* End PBXTargetDependency section */

/* Begin XCBuildConfiguration section */
		66D24C4529D4040C00F687D2 /* Debug */ = {
			isa = XCBuildConfiguration;
			buildSettings = {
				ALWAYS_SEARCH_USER_PATHS = NO;
				CLANG_ANALYZER_NONNULL = YES;
				CLANG_ANALYZER_NUMBER_OBJECT_CONVERSION = YES_AGGRESSIVE;
				CLANG_CXX_LANGUAGE_STANDARD = "gnu++20";
				CLANG_ENABLE_MODULES = YES;
				CLANG_ENABLE_OBJC_ARC = YES;
				CLANG_ENABLE_OBJC_WEAK = YES;
				CLANG_WARN_BLOCK_CAPTURE_AUTORELEASING = YES;
				CLANG_WARN_BOOL_CONVERSION = YES;
				CLANG_WARN_COMMA = YES;
				CLANG_WARN_CONSTANT_CONVERSION = YES;
				CLANG_WARN_DEPRECATED_OBJC_IMPLEMENTATIONS = YES;
				CLANG_WARN_DIRECT_OBJC_ISA_USAGE = YES_ERROR;
				CLANG_WARN_DOCUMENTATION_COMMENTS = YES;
				CLANG_WARN_EMPTY_BODY = YES;
				CLANG_WARN_ENUM_CONVERSION = YES;
				CLANG_WARN_INFINITE_RECURSION = YES;
				CLANG_WARN_INT_CONVERSION = YES;
				CLANG_WARN_NON_LITERAL_NULL_CONVERSION = YES;
				CLANG_WARN_OBJC_IMPLICIT_RETAIN_SELF = YES;
				CLANG_WARN_OBJC_LITERAL_CONVERSION = YES;
				CLANG_WARN_OBJC_ROOT_CLASS = YES_ERROR;
				CLANG_WARN_QUOTED_INCLUDE_IN_FRAMEWORK_HEADER = YES;
				CLANG_WARN_RANGE_LOOP_ANALYSIS = YES;
				CLANG_WARN_STRICT_PROTOTYPES = YES;
				CLANG_WARN_SUSPICIOUS_MOVE = YES;
				CLANG_WARN_UNGUARDED_AVAILABILITY = YES_AGGRESSIVE;
				CLANG_WARN_UNREACHABLE_CODE = YES;
				CLANG_WARN__DUPLICATE_METHOD_MATCH = YES;
				COPY_PHASE_STRIP = NO;
				DEBUG_INFORMATION_FORMAT = dwarf;
				ENABLE_STRICT_OBJC_MSGSEND = YES;
				ENABLE_TESTABILITY = YES;
				GCC_C_LANGUAGE_STANDARD = gnu11;
				GCC_DYNAMIC_NO_PIC = NO;
				GCC_NO_COMMON_BLOCKS = YES;
				GCC_OPTIMIZATION_LEVEL = 0;
				GCC_PREPROCESSOR_DEFINITIONS = (
					"DEBUG=1",
					"$(inherited)",
				);
				GCC_WARN_64_TO_32_BIT_CONVERSION = YES;
				GCC_WARN_ABOUT_RETURN_TYPE = YES_ERROR;
				GCC_WARN_UNDECLARED_SELECTOR = YES;
				GCC_WARN_UNINITIALIZED_AUTOS = YES_AGGRESSIVE;
				GCC_WARN_UNUSED_FUNCTION = YES;
				GCC_WARN_UNUSED_VARIABLE = YES;
				IPHONEOS_DEPLOYMENT_TARGET = 16.2;
				MTL_ENABLE_DEBUG_INFO = INCLUDE_SOURCE;
				MTL_FAST_MATH = YES;
				ONLY_ACTIVE_ARCH = YES;
				SDKROOT = iphoneos;
				SWIFT_ACTIVE_COMPILATION_CONDITIONS = DEBUG;
				SWIFT_OPTIMIZATION_LEVEL = "-Onone";
			};
			name = Debug;
		};
		66D24C4629D4040C00F687D2 /* Release */ = {
			isa = XCBuildConfiguration;
			buildSettings = {
				ALWAYS_SEARCH_USER_PATHS = NO;
				CLANG_ANALYZER_NONNULL = YES;
				CLANG_ANALYZER_NUMBER_OBJECT_CONVERSION = YES_AGGRESSIVE;
				CLANG_CXX_LANGUAGE_STANDARD = "gnu++20";
				CLANG_ENABLE_MODULES = YES;
				CLANG_ENABLE_OBJC_ARC = YES;
				CLANG_ENABLE_OBJC_WEAK = YES;
				CLANG_WARN_BLOCK_CAPTURE_AUTORELEASING = YES;
				CLANG_WARN_BOOL_CONVERSION = YES;
				CLANG_WARN_COMMA = YES;
				CLANG_WARN_CONSTANT_CONVERSION = YES;
				CLANG_WARN_DEPRECATED_OBJC_IMPLEMENTATIONS = YES;
				CLANG_WARN_DIRECT_OBJC_ISA_USAGE = YES_ERROR;
				CLANG_WARN_DOCUMENTATION_COMMENTS = YES;
				CLANG_WARN_EMPTY_BODY = YES;
				CLANG_WARN_ENUM_CONVERSION = YES;
				CLANG_WARN_INFINITE_RECURSION = YES;
				CLANG_WARN_INT_CONVERSION = YES;
				CLANG_WARN_NON_LITERAL_NULL_CONVERSION = YES;
				CLANG_WARN_OBJC_IMPLICIT_RETAIN_SELF = YES;
				CLANG_WARN_OBJC_LITERAL_CONVERSION = YES;
				CLANG_WARN_OBJC_ROOT_CLASS = YES_ERROR;
				CLANG_WARN_QUOTED_INCLUDE_IN_FRAMEWORK_HEADER = YES;
				CLANG_WARN_RANGE_LOOP_ANALYSIS = YES;
				CLANG_WARN_STRICT_PROTOTYPES = YES;
				CLANG_WARN_SUSPICIOUS_MOVE = YES;
				CLANG_WARN_UNGUARDED_AVAILABILITY = YES_AGGRESSIVE;
				CLANG_WARN_UNREACHABLE_CODE = YES;
				CLANG_WARN__DUPLICATE_METHOD_MATCH = YES;
				COPY_PHASE_STRIP = NO;
				DEBUG_INFORMATION_FORMAT = "dwarf-with-dsym";
				ENABLE_NS_ASSERTIONS = NO;
				ENABLE_STRICT_OBJC_MSGSEND = YES;
				GCC_C_LANGUAGE_STANDARD = gnu11;
				GCC_NO_COMMON_BLOCKS = YES;
				GCC_WARN_64_TO_32_BIT_CONVERSION = YES;
				GCC_WARN_ABOUT_RETURN_TYPE = YES_ERROR;
				GCC_WARN_UNDECLARED_SELECTOR = YES;
				GCC_WARN_UNINITIALIZED_AUTOS = YES_AGGRESSIVE;
				GCC_WARN_UNUSED_FUNCTION = YES;
				GCC_WARN_UNUSED_VARIABLE = YES;
				IPHONEOS_DEPLOYMENT_TARGET = 16.2;
				MTL_ENABLE_DEBUG_INFO = NO;
				MTL_FAST_MATH = YES;
				SDKROOT = iphoneos;
				SWIFT_COMPILATION_MODE = wholemodule;
				SWIFT_OPTIMIZATION_LEVEL = "-O";
				VALIDATE_PRODUCT = YES;
			};
			name = Release;
		};
		66D24C4829D4040C00F687D2 /* Debug */ = {
			isa = XCBuildConfiguration;
			buildSettings = {
				ASSETCATALOG_COMPILER_APPICON_NAME = AppIcon;
				ASSETCATALOG_COMPILER_GLOBAL_ACCENT_COLOR_NAME = AccentColor;
				CODE_SIGN_STYLE = Automatic;
				CURRENT_PROJECT_VERSION = 1;
				DEVELOPMENT_ASSET_PATHS = "\"MorningLux/Preview Content\"";
				DEVELOPMENT_TEAM = PH8HB62TJG;
				ENABLE_PREVIEWS = YES;
				GENERATE_INFOPLIST_FILE = YES;
				INFOPLIST_KEY_UIApplicationSceneManifest_Generation = YES;
				INFOPLIST_KEY_UIApplicationSupportsIndirectInputEvents = YES;
				INFOPLIST_KEY_UILaunchScreen_Generation = YES;
				INFOPLIST_KEY_UISupportedInterfaceOrientations_iPad = "UIInterfaceOrientationPortrait UIInterfaceOrientationPortraitUpsideDown UIInterfaceOrientationLandscapeLeft UIInterfaceOrientationLandscapeRight";
				INFOPLIST_KEY_UISupportedInterfaceOrientations_iPhone = "UIInterfaceOrientationPortrait UIInterfaceOrientationLandscapeLeft UIInterfaceOrientationLandscapeRight";
				LD_RUNPATH_SEARCH_PATHS = (
					"$(inherited)",
					"@executable_path/Frameworks",
				);
				MARKETING_VERSION = 1.0;
				PRODUCT_BUNDLE_IDENTIFIER = "Klemen-Selakovic.MorningLux";
				PRODUCT_NAME = "$(TARGET_NAME)";
				SWIFT_EMIT_LOC_STRINGS = YES;
				SWIFT_VERSION = 5.0;
				TARGETED_DEVICE_FAMILY = "1,2";
			};
			name = Debug;
		};
		66D24C4929D4040C00F687D2 /* Release */ = {
			isa = XCBuildConfiguration;
			buildSettings = {
				ASSETCATALOG_COMPILER_APPICON_NAME = AppIcon;
				ASSETCATALOG_COMPILER_GLOBAL_ACCENT_COLOR_NAME = AccentColor;
				CODE_SIGN_STYLE = Automatic;
				CURRENT_PROJECT_VERSION = 1;
				DEVELOPMENT_ASSET_PATHS = "\"MorningLux/Preview Content\"";
				DEVELOPMENT_TEAM = PH8HB62TJG;
				ENABLE_PREVIEWS = YES;
				GENERATE_INFOPLIST_FILE = YES;
				INFOPLIST_KEY_UIApplicationSceneManifest_Generation = YES;
				INFOPLIST_KEY_UIApplicationSupportsIndirectInputEvents = YES;
				INFOPLIST_KEY_UILaunchScreen_Generation = YES;
				INFOPLIST_KEY_UISupportedInterfaceOrientations_iPad = "UIInterfaceOrientationPortrait UIInterfaceOrientationPortraitUpsideDown UIInterfaceOrientationLandscapeLeft UIInterfaceOrientationLandscapeRight";
				INFOPLIST_KEY_UISupportedInterfaceOrientations_iPhone = "UIInterfaceOrientationPortrait UIInterfaceOrientationLandscapeLeft UIInterfaceOrientationLandscapeRight";
				LD_RUNPATH_SEARCH_PATHS = (
					"$(inherited)",
					"@executable_path/Frameworks",
				);
				MARKETING_VERSION = 1.0;
				PRODUCT_BUNDLE_IDENTIFIER = "Klemen-Selakovic.MorningLux";
				PRODUCT_NAME = "$(TARGET_NAME)";
				SWIFT_EMIT_LOC_STRINGS = YES;
				SWIFT_VERSION = 5.0;
				TARGETED_DEVICE_FAMILY = "1,2";
			};
			name = Release;
		};
		66D24C4B29D4040C00F687D2 /* Debug */ = {
			isa = XCBuildConfiguration;
			buildSettings = {
				ALWAYS_EMBED_SWIFT_STANDARD_LIBRARIES = YES;
				BUNDLE_LOADER = "$(TEST_HOST)";
				CODE_SIGN_STYLE = Automatic;
				CURRENT_PROJECT_VERSION = 1;
				DEVELOPMENT_TEAM = PH8HB62TJG;
				GENERATE_INFOPLIST_FILE = YES;
				IPHONEOS_DEPLOYMENT_TARGET = 16.2;
				MARKETING_VERSION = 1.0;
				PRODUCT_BUNDLE_IDENTIFIER = "Klemen-Selakovic.MorningLuxTests";
				PRODUCT_NAME = "$(TARGET_NAME)";
				SWIFT_EMIT_LOC_STRINGS = NO;
				SWIFT_VERSION = 5.0;
				TARGETED_DEVICE_FAMILY = "1,2";
				TEST_HOST = "$(BUILT_PRODUCTS_DIR)/MorningLux.app/$(BUNDLE_EXECUTABLE_FOLDER_PATH)/MorningLux";
			};
			name = Debug;
		};
		66D24C4C29D4040C00F687D2 /* Release */ = {
			isa = XCBuildConfiguration;
			buildSettings = {
				ALWAYS_EMBED_SWIFT_STANDARD_LIBRARIES = YES;
				BUNDLE_LOADER = "$(TEST_HOST)";
				CODE_SIGN_STYLE = Automatic;
				CURRENT_PROJECT_VERSION = 1;
				DEVELOPMENT_TEAM = PH8HB62TJG;
				GENERATE_INFOPLIST_FILE = YES;
				IPHONEOS_DEPLOYMENT_TARGET = 16.2;
				MARKETING_VERSION = 1.0;
				PRODUCT_BUNDLE_IDENTIFIER = "Klemen-Selakovic.MorningLuxTests";
				PRODUCT_NAME = "$(TARGET_NAME)";
				SWIFT_EMIT_LOC_STRINGS = NO;
				SWIFT_VERSION = 5.0;
				TARGETED_DEVICE_FAMILY = "1,2";
				TEST_HOST = "$(BUILT_PRODUCTS_DIR)/MorningLux.app/$(BUNDLE_EXECUTABLE_FOLDER_PATH)/MorningLux";
			};
			name = Release;
		};
		66D24C4E29D4040C00F687D2 /* Debug */ = {
			isa = XCBuildConfiguration;
			buildSettings = {
				ALWAYS_EMBED_SWIFT_STANDARD_LIBRARIES = YES;
				CODE_SIGN_STYLE = Automatic;
				CURRENT_PROJECT_VERSION = 1;
				DEVELOPMENT_TEAM = PH8HB62TJG;
				GENERATE_INFOPLIST_FILE = YES;
				MARKETING_VERSION = 1.0;
				PRODUCT_BUNDLE_IDENTIFIER = "Klemen-Selakovic.MorningLuxUITests";
				PRODUCT_NAME = "$(TARGET_NAME)";
				SWIFT_EMIT_LOC_STRINGS = NO;
				SWIFT_VERSION = 5.0;
				TARGETED_DEVICE_FAMILY = "1,2";
				TEST_TARGET_NAME = MorningLux;
			};
			name = Debug;
		};
		66D24C4F29D4040C00F687D2 /* Release */ = {
			isa = XCBuildConfiguration;
			buildSettings = {
				ALWAYS_EMBED_SWIFT_STANDARD_LIBRARIES = YES;
				CODE_SIGN_STYLE = Automatic;
				CURRENT_PROJECT_VERSION = 1;
				DEVELOPMENT_TEAM = PH8HB62TJG;
				GENERATE_INFOPLIST_FILE = YES;
				MARKETING_VERSION = 1.0;
				PRODUCT_BUNDLE_IDENTIFIER = "Klemen-Selakovic.MorningLuxUITests";
				PRODUCT_NAME = "$(TARGET_NAME)";
				SWIFT_EMIT_LOC_STRINGS = NO;
				SWIFT_VERSION = 5.0;
				TARGETED_DEVICE_FAMILY = "1,2";
				TEST_TARGET_NAME = MorningLux;
			};
			name = Release;
		};
/* End XCBuildConfiguration section */

/* Begin XCConfigurationList section */
		66D24C1E29D4040B00F687D2 /* Build configuration list for PBXProject "MorningLux" */ = {
			isa = XCConfigurationList;
			buildConfigurations = (
				66D24C4529D4040C00F687D2 /* Debug */,
				66D24C4629D4040C00F687D2 /* Release */,
			);
			defaultConfigurationIsVisible = 0;
			defaultConfigurationName = Release;
		};
		66D24C4729D4040C00F687D2 /* Build configuration list for PBXNativeTarget "MorningLux" */ = {
			isa = XCConfigurationList;
			buildConfigurations = (
				66D24C4829D4040C00F687D2 /* Debug */,
				66D24C4929D4040C00F687D2 /* Release */,
			);
			defaultConfigurationIsVisible = 0;
			defaultConfigurationName = Release;
		};
		66D24C4A29D4040C00F687D2 /* Build configuration list for PBXNativeTarget "MorningLuxTests" */ = {
			isa = XCConfigurationList;
			buildConfigurations = (
				66D24C4B29D4040C00F687D2 /* Debug */,
				66D24C4C29D4040C00F687D2 /* Release */,
			);
			defaultConfigurationIsVisible = 0;
			defaultConfigurationName = Release;
		};
		66D24C4D29D4040C00F687D2 /* Build configuration list for PBXNativeTarget "MorningLuxUITests" */ = {
			isa = XCConfigurationList;
			buildConfigurations = (
				66D24C4E29D4040C00F687D2 /* Debug */,
				66D24C4F29D4040C00F687D2 /* Release */,
			);
			defaultConfigurationIsVisible = 0;
			defaultConfigurationName = Release;
		};
/* End XCConfigurationList section */
	};
	rootObject = 66D24C1B29D4040B00F687D2 /* Project object */;
}
